---
label: Programs Block
hide_body: true
fields:
- name: programs-block-field
  type: field_group_list
  fields:
  - name: programs-block-header
    type: text
    config:
      required: false
    label: programs-block-header
  - name: programs-block-desc
    type: textarea
    default: ''
    config:
      required: false
      wysiwyg: false
      schema:
        format: markdown
    label: programs-block-desc
  - name: programs-block-link
    type: textarea
    default: ''
    config:
      required: false
      wysiwyg: false
      schema:
        format: markdown
    label: programs-block-link
  config:
    min: 
    max: 
    labelField: 
  label: programs-block-field
